
Microsoft Visual Studio Solution File, Format Version 12.00
# Visual Studio 15
VisualStudioVersion = 15.0.28307.1000
MinimumVisualStudioVersion = 10.0.40219.1
Project("{9A19103F-16F7-4668-BE54-9A1E7A4F7556}") = "AirportWebApi", "NetCoreWebApi\AirportWebApi.csproj", "{4B701998-D2F1-411C-9222-8C2F26531F13}"
EndProject
Global
	GlobalSection(SolutionConfigurationPlatforms) = preSolution
		Debug|Any CPU = Debug|Any CPU
		Release|Any CPU = Release|Any CPU
	EndGlobalSection
	GlobalSection(ProjectConfigurationPlatforms) = postSolution
		{4B701998-D2F1-411C-9222-8C2F26531F13}.Debug|Any CPU.ActiveCfg = Debug|Any CPU
		{4B701998-D2F1-411C-9222-8C2F26531F13}.Debug|Any CPU.Build.0 = Debug|Any CPU
		{4B701998-D2F1-411C-9222-8C2F26531F13}.Release|Any CPU.ActiveCfg = Release|Any CPU
		{4B701998-D2F1-411C-9222-8C2F26531F13}.Release|Any CPU.Build.0 = Release|Any CPU
	EndGlobalSection
	GlobalSection(SolutionProperties) = preSolution
		HideSolutionNode = FALSE
	EndGlobalSection
	GlobalSection(ExtensibilityGlobals) = postSolution
		SolutionGuid = {9E15B7BF-8402-4C0C-AD1D-0AC6A5F21BC0}
	EndGlobalSection
EndGlobal
